
Microsoft Visual Studio Solution File, Format Version 12.00
# Visual Studio Version 17
VisualStudioVersion = 17.5.33530.505
MinimumVisualStudioVersion = 10.0.40219.1
Project("{FAE04EC0-301F-11D3-BF4B-00C04F79EFBC}") = "SimpleAPKUnpacker", "SimpleAPKUnpacker.csproj", "{CF992871-C18D-4919-BE69-D80E6614F7A1}"
EndProject
Global
	GlobalSection(SolutionConfigurationPlatforms) = preSolution
		Debug|Any CPU = Debug|Any CPU
		Debug|x64 = Debug|x64
		Release|Any CPU = Release|Any CPU
		Release|x64 = Release|x64
	EndGlobalSection
	GlobalSection(ProjectConfigurationPlatforms) = postSolution
		{CF992871-C18D-4919-BE69-D80E6614F7A1}.Debug|Any CPU.ActiveCfg = Debug|Any CPU
		{CF992871-C18D-4919-BE69-D80E6614F7A1}.Debug|Any CPU.Build.0 = Debug|Any CPU
		{CF992871-C18D-4919-BE69-D80E6614F7A1}.Debug|x64.ActiveCfg = Debug|x64
		{CF992871-C18D-4919-BE69-D80E6614F7A1}.Debug|x64.Build.0 = Debug|x64
		{CF992871-C18D-4919-BE69-D80E6614F7A1}.Release|Any CPU.ActiveCfg = Release|Any CPU
		{CF992871-C18D-4919-BE69-D80E6614F7A1}.Release|Any CPU.Build.0 = Release|Any CPU
		{CF992871-C18D-4919-BE69-D80E6614F7A1}.Release|x64.ActiveCfg = Release|x64
		{CF992871-C18D-4919-BE69-D80E6614F7A1}.Release|x64.Build.0 = Release|x64
	EndGlobalSection
	GlobalSection(SolutionProperties) = preSolution
		HideSolutionNode = FALSE
	EndGlobalSection
	GlobalSection(ExtensibilityGlobals) = postSolution
		SolutionGuid = {0F47D066-9815-4CD8-92E2-DC7A3D9DC7F8}
	EndGlobalSection
EndGlobal
